{
    "version": 3,
    "terraform_version": "0.11.13",
    "serial": 7,
    "lineage": "95ed3d59-3663-d667-0d9e-3b5717b45351",
    "modules": [
        {
            "path": [
                "root"
            ],
            "outputs": {},
            "resources": {
                "aws_iam_role.slack_notifier": {
                    "type": "aws_iam_role",
                    "depends_on": [],
                    "primary": {
                        "id": "slackNotifierLambdaFunctionRole",
                        "attributes": {
                            "arn": "arn:aws:iam::553700203877:role/slackNotifierLambdaFunctionRole",
                            "assume_role_policy": "{\"Version\":\"2012-10-17\",\"Statement\":[{\"Effect\":\"Allow\",\"Principal\":{\"Service\":\"lambda.amazonaws.com\"},\"Action\":\"sts:AssumeRole\"}]}",
                            "create_date": "2019-06-27T15:44:06Z",
                            "description": "",
                            "force_detach_policies": "false",
                            "id": "slackNotifierLambdaFunctionRole",
                            "max_session_duration": "3600",
                            "name": "slackNotifierLambdaFunctionRole",
                            "path": "/",
                            "tags.%": "0",
                            "unique_id": "AROAYB2Y2TVSXEHFKPULN"
                        },
                        "meta": {},
                        "tainted": false
                    },
                    "deposed": [],
                    "provider": "provider.aws"
                },
                "aws_lambda_function.slack_notifier": {
                    "type": "aws_lambda_function",
                    "depends_on": [
                        "aws_iam_role.slack_notifier"
                    ],
                    "primary": {
                        "id": "slack-notifier",
                        "attributes": {
                            "arn": "arn:aws:lambda:eu-west-1:553700203877:function:slack-notifier",
                            "dead_letter_config.#": "0",
                            "description": "",
                            "environment.#": "1",
                            "environment.0.variables.%": "2",
                            "environment.0.variables.REGION": "eu-west-1",
                            "environment.0.variables.WEBHOOK_URL": "https://hooks.slack.com/services/EGEGEGEG/EGEGEGEG/EGEGEGEGEGEG",
                            "filename": "../build.zip",
                            "function_name": "slack-notifier",
                            "handler": "slackNotifier",
                            "id": "slack-notifier",
                            "invoke_arn": "arn:aws:apigateway:eu-west-1:lambda:path/2015-03-31/functions/arn:aws:lambda:eu-west-1:553700203877:function:slack-notifier/invocations",
                            "kms_key_arn": "",
                            "last_modified": "2019-06-27T15:44:18.949+0000",
                            "layers.#": "0",
                            "memory_size": "128",
                            "publish": "false",
                            "qualified_arn": "arn:aws:lambda:eu-west-1:553700203877:function:slack-notifier:$LATEST",
                            "reserved_concurrent_executions": "-1",
                            "role": "arn:aws:iam::553700203877:role/slackNotifierLambdaFunctionRole",
                            "runtime": "go1.x",
                            "source_code_hash": "GuCmND4dPlWlMpYri2jRzTPwjrt3RP85NEn2Zu7YhTo=",
                            "source_code_size": "3179284",
                            "tags.%": "0",
                            "timeout": "1",
                            "tracing_config.#": "1",
                            "tracing_config.0.mode": "PassThrough",
                            "version": "$LATEST",
                            "vpc_config.#": "0"
                        },
                        "meta": {
                            "e2bfb730-ecaa-11e6-8f88-34363bc7c4c0": {
                                "create": 600000000000
                            }
                        },
                        "tainted": false
                    },
                    "deposed": [],
                    "provider": "provider.aws"
                }
            },
            "depends_on": []
        }
    ]
}
